[[package]]
id = 1
name = "cffi"
version = "1.14.6"
source = "pypi+https://pypi.org/pypi/cffi/1.14.6/json"
dependencies = ["pycparser 2.20 pypi+https://pypi.org/pypi/pycparser/2.20/json"]

[[package]]
id = 12
name = "six"
version = "1.16.0"
source = "pypi+https://pypi.org/pypi/six/1.16.0/json"
dependencies = []

[[package]]
id = 17
name = "scipy"
version = "1.7.0"
source = "pypi+https://pypi.org/pypi/scipy/1.7.0/json"
dependencies = []

[[package]]
id = 7
name = "pyparsing"
version = "3.0.0b2"
source = "pypi+https://pypi.org/pypi/pyparsing/3.0.0b2/json"
dependencies = []

[[package]]
id = 3
name = "seaborn"
version = "0.11.1"
source = "pypi+https://pypi.org/pypi/seaborn/0.11.1/json"
dependencies = ["pandas 1.3.0 pypi+https://pypi.org/pypi/pandas/1.3.0/json", "scipy 1.7.0 pypi+https://pypi.org/pypi/scipy/1.7.0/json"]

[[package]]
id = 8
name = "Pillow"
version = "8.3.1"
source = "pypi+https://pypi.org/pypi/Pillow/8.3.1/json"
dependencies = []

[[package]]
id = 11
name = "Cycler"
version = "0.10.0"
source = "pypi+https://pypi.org/pypi/Cycler/0.10.0/json"
dependencies = ["six 1.16.0 pypi+https://pypi.org/pypi/six/1.16.0/json"]

[[package]]
id = 14
name = "pytz"
version = "2018.4"
source = "pypi+https://pypi.org/pypi/pytz/2018.4/json"
dependencies = []

[[package]]
id = 20
name = "numpy"
version = "1.21.0"
source = "pypi+https://pypi.org/pypi/numpy/1.21.0/json"
dependencies = []

[[package]]
id = 15
name = "minizinc"
version = "0.4.2"
source = "pypi+https://pypi.org/pypi/minizinc/0.4.2/json"
dependencies = []

[[package]]
id = 13
name = "pandas"
version = "1.3.0"
source = "pypi+https://pypi.org/pypi/pandas/1.3.0/json"
dependencies = ["python-dateutil 2.8.1 pypi+https://pypi.org/pypi/python-dateutil/2.8.1/json", "pytz 2018.4 pypi+https://pypi.org/pypi/pytz/2018.4/json"]

[[package]]
id = 15
name = "python-dateutil"
version = "2.8.1"
source = "pypi+https://pypi.org/pypi/python-dateutil/2.8.1/json"
dependencies = []

[[package]]
id = 2
name = "pycparser"
version = "2.20"
source = "pypi+https://pypi.org/pypi/pycparser/2.20/json"
dependencies = []

[[package]]
id = 21
name = "matplotlib"
version = "3.4.2"
source = "pypi+https://pypi.org/pypi/matplotlib/3.4.2/json"
dependencies = ["Cycler 0.10.0 pypi+https://pypi.org/pypi/Cycler/0.10.0/json", "Pillow 8.3.1 pypi+https://pypi.org/pypi/Pillow/8.3.1/json", "kiwisolver 1.3.1 pypi+https://pypi.org/pypi/kiwisolver/1.3.1/json", "pyparsing 3.0.0b2 pypi+https://pypi.org/pypi/pyparsing/3.0.0b2/json"]

[[package]]
id = 10
name = "kiwisolver"
version = "1.3.1"
source = "pypi+https://pypi.org/pypi/kiwisolver/1.3.1/json"
dependencies = []

[metadata]
